
Microsoft Visual Studio Solution File, Format Version 12.00
# Visual Studio 15
VisualStudioVersion = 15.0.27428.2005
MinimumVisualStudioVersion = 10.0.40219.1
Project("{FAE04EC0-301F-11D3-BF4B-00C04F79EFBC}") = "soft", "soft\soft.csproj", "{B509E8AA-8BA3-41A4-9ED0-0E9082C2C765}"
EndProject
Global
	GlobalSection(SolutionConfigurationPlatforms) = preSolution
		Debug|Any CPU = Debug|Any CPU
		Release|Any CPU = Release|Any CPU
	EndGlobalSection
	GlobalSection(ProjectConfigurationPlatforms) = postSolution
		{B509E8AA-8BA3-41A4-9ED0-0E9082C2C765}.Debug|Any CPU.ActiveCfg = Debug|Any CPU
		{B509E8AA-8BA3-41A4-9ED0-0E9082C2C765}.Debug|Any CPU.Build.0 = Debug|Any CPU
		{B509E8AA-8BA3-41A4-9ED0-0E9082C2C765}.Release|Any CPU.ActiveCfg = Release|Any CPU
		{B509E8AA-8BA3-41A4-9ED0-0E9082C2C765}.Release|Any CPU.Build.0 = Release|Any CPU
	EndGlobalSection
	GlobalSection(SolutionProperties) = preSolution
		HideSolutionNode = FALSE
	EndGlobalSection
	GlobalSection(ExtensibilityGlobals) = postSolution
		SolutionGuid = {DC2F0AFF-CB34-4557-9A59-70C7FE7CB144}
	EndGlobalSection
EndGlobal
